
Microsoft Visual Studio Solution File, Format Version 12.00
# Visual Studio Version 17
VisualStudioVersion = 17.0.31903.59
MinimumVisualStudioVersion = 10.0.40219.1
Project("{2150E333-8FDC-42A3-9474-1A3956D46DE8}") = "src", "src", "{827E0CD3-B72D-47B6-A68D-7590B98EB39B}"
EndProject
Project("{FAE04EC0-301F-11D3-BF4B-00C04F79EFBC}") = "Prim.Core", "src\Prim.Core\Prim.Core.csproj", "{A40C46A0-5EE4-447B-B18C-8A12E2F5368A}"
EndProject
Project("{FAE04EC0-301F-11D3-BF4B-00C04F79EFBC}") = "Prim.Runtime", "src\Prim.Runtime\Prim.Runtime.csproj", "{5DD3E66B-08C6-452D-8BA7-F9A54A67E87B}"
EndProject
Project("{FAE04EC0-301F-11D3-BF4B-00C04F79EFBC}") = "Prim.Serialization", "src\Prim.Serialization\Prim.Serialization.csproj", "{EF83C414-C0B7-44E6-88C7-76706B25957E}"
EndProject
Project("{FAE04EC0-301F-11D3-BF4B-00C04F79EFBC}") = "Prim.Analysis", "src\Prim.Analysis\Prim.Analysis.csproj", "{CA17C0C7-37A1-4479-85E5-BF91D2ABED8C}"
EndProject
Project("{FAE04EC0-301F-11D3-BF4B-00C04F79EFBC}") = "Prim.Cecil", "src\Prim.Cecil\Prim.Cecil.csproj", "{87C90D17-C696-4987-B834-EBB348B25974}"
EndProject
Project("{FAE04EC0-301F-11D3-BF4B-00C04F79EFBC}") = "Prim.Roslyn", "src\Prim.Roslyn\Prim.Roslyn.csproj", "{03E72CA1-620F-4428-BF8D-00A2A7409FD0}"
EndProject
Project("{FAE04EC0-301F-11D3-BF4B-00C04F79EFBC}") = "Prim.Tests.Unit", "tests\Prim.Tests.Unit\Prim.Tests.Unit.csproj", "{11CDE975-235A-460C-BFBD-95D31804B770}"
EndProject
Project("{FAE04EC0-301F-11D3-BF4B-00C04F79EFBC}") = "Prim.Tests.Integration", "tests\Prim.Tests.Integration\Prim.Tests.Integration.csproj", "{5985B5D9-2F17-4357-A969-3C79B05FED6D}"
EndProject
Project("{FAE04EC0-301F-11D3-BF4B-00C04F79EFBC}") = "Prim.Tests.Roslyn", "tests\Prim.Tests.Roslyn\Prim.Tests.Roslyn.csproj", "{66FC0EC2-D888-492C-B9CB-48CBF92ACA81}"
EndProject
Project("{FAE04EC0-301F-11D3-BF4B-00C04F79EFBC}") = "Prim.Tests.Cecil", "tests\Prim.Tests.Cecil\Prim.Tests.Cecil.csproj", "{6B982122-70E2-43A2-B030-BF2B228DA958}"
EndProject
Project("{2150E333-8FDC-42A3-9474-1A3956D46DE8}") = "samples", "samples", "{5D20AA90-6969-D8BD-9DCD-8634F4692FDA}"
EndProject
Project("{2150E333-8FDC-42A3-9474-1A3956D46DE8}") = "Generator", "Generator", "{7339F017-344F-11B9-71D0-A8183AFE8A57}"
EndProject
Project("{FAE04EC0-301F-11D3-BF4B-00C04F79EFBC}") = "Prim.Samples.Generator", "samples\Generator\Prim.Samples.Generator\Prim.Samples.Generator.csproj", "{46ABFC88-C3A5-4060-AF70-C14522253928}"
EndProject
Project("{2150E333-8FDC-42A3-9474-1A3956D46DE8}") = "MigrationDemo", "MigrationDemo", "{7C49DFE3-A036-209E-C43E-5F6BD72E4272}"
EndProject
Project("{FAE04EC0-301F-11D3-BF4B-00C04F79EFBC}") = "Prim.Samples.MigrationDemo", "samples\MigrationDemo\Prim.Samples.MigrationDemo\Prim.Samples.MigrationDemo.csproj", "{F69E022B-C75D-4313-8892-2675D35994C9}"
EndProject
Global
	GlobalSection(SolutionConfigurationPlatforms) = preSolution
		Debug|Any CPU = Debug|Any CPU
		Debug|x64 = Debug|x64
		Debug|x86 = Debug|x86
		Release|Any CPU = Release|Any CPU
		Release|x64 = Release|x64
		Release|x86 = Release|x86
	EndGlobalSection
	GlobalSection(ProjectConfigurationPlatforms) = postSolution
		{A40C46A0-5EE4-447B-B18C-8A12E2F5368A}.Debug|Any CPU.ActiveCfg = Debug|Any CPU
		{A40C46A0-5EE4-447B-B18C-8A12E2F5368A}.Debug|Any CPU.Build.0 = Debug|Any CPU
		{A40C46A0-5EE4-447B-B18C-8A12E2F5368A}.Debug|x64.ActiveCfg = Debug|Any CPU
		{A40C46A0-5EE4-447B-B18C-8A12E2F5368A}.Debug|x64.Build.0 = Debug|Any CPU
		{A40C46A0-5EE4-447B-B18C-8A12E2F5368A}.Debug|x86.ActiveCfg = Debug|Any CPU
		{A40C46A0-5EE4-447B-B18C-8A12E2F5368A}.Debug|x86.Build.0 = Debug|Any CPU
		{A40C46A0-5EE4-447B-B18C-8A12E2F5368A}.Release|Any CPU.ActiveCfg = Release|Any CPU
		{A40C46A0-5EE4-447B-B18C-8A12E2F5368A}.Release|Any CPU.Build.0 = Release|Any CPU
		{A40C46A0-5EE4-447B-B18C-8A12E2F5368A}.Release|x64.ActiveCfg = Release|Any CPU
		{A40C46A0-5EE4-447B-B18C-8A12E2F5368A}.Release|x64.Build.0 = Release|Any CPU
		{A40C46A0-5EE4-447B-B18C-8A12E2F5368A}.Release|x86.ActiveCfg = Release|Any CPU
		{A40C46A0-5EE4-447B-B18C-8A12E2F5368A}.Release|x86.Build.0 = Release|Any CPU
		{5DD3E66B-08C6-452D-8BA7-F9A54A67E87B}.Debug|Any CPU.ActiveCfg = Debug|Any CPU
		{5DD3E66B-08C6-452D-8BA7-F9A54A67E87B}.Debug|Any CPU.Build.0 = Debug|Any CPU
		{5DD3E66B-08C6-452D-8BA7-F9A54A67E87B}.Debug|x64.ActiveCfg = Debug|Any CPU
		{5DD3E66B-08C6-452D-8BA7-F9A54A67E87B}.Debug|x64.Build.0 = Debug|Any CPU
		{5DD3E66B-08C6-452D-8BA7-F9A54A67E87B}.Debug|x86.ActiveCfg = Debug|Any CPU
		{5DD3E66B-08C6-452D-8BA7-F9A54A67E87B}.Debug|x86.Build.0 = Debug|Any CPU
		{5DD3E66B-08C6-452D-8BA7-F9A54A67E87B}.Release|Any CPU.ActiveCfg = Release|Any CPU
		{5DD3E66B-08C6-452D-8BA7-F9A54A67E87B}.Release|Any CPU.Build.0 = Release|Any CPU
		{5DD3E66B-08C6-452D-8BA7-F9A54A67E87B}.Release|x64.ActiveCfg = Release|Any CPU
		{5DD3E66B-08C6-452D-8BA7-F9A54A67E87B}.Release|x64.Build.0 = Release|Any CPU
		{5DD3E66B-08C6-452D-8BA7-F9A54A67E87B}.Release|x86.ActiveCfg = Release|Any CPU
		{5DD3E66B-08C6-452D-8BA7-F9A54A67E87B}.Release|x86.Build.0 = Release|Any CPU
		{EF83C414-C0B7-44E6-88C7-76706B25957E}.Debug|Any CPU.ActiveCfg = Debug|Any CPU
		{EF83C414-C0B7-44E6-88C7-76706B25957E}.Debug|Any CPU.Build.0 = Debug|Any CPU
		{EF83C414-C0B7-44E6-88C7-76706B25957E}.Debug|x64.ActiveCfg = Debug|Any CPU
		{EF83C414-C0B7-44E6-88C7-76706B25957E}.Debug|x64.Build.0 = Debug|Any CPU
		{EF83C414-C0B7-44E6-88C7-76706B25957E}.Debug|x86.ActiveCfg = Debug|Any CPU
		{EF83C414-C0B7-44E6-88C7-76706B25957E}.Debug|x86.Build.0 = Debug|Any CPU
		{EF83C414-C0B7-44E6-88C7-76706B25957E}.Release|Any CPU.ActiveCfg = Release|Any CPU
		{EF83C414-C0B7-44E6-88C7-76706B25957E}.Release|Any CPU.Build.0 = Release|Any CPU
		{EF83C414-C0B7-44E6-88C7-76706B25957E}.Release|x64.ActiveCfg = Release|Any CPU
		{EF83C414-C0B7-44E6-88C7-76706B25957E}.Release|x64.Build.0 = Release|Any CPU
		{EF83C414-C0B7-44E6-88C7-76706B25957E}.Release|x86.ActiveCfg = Release|Any CPU
		{EF83C414-C0B7-44E6-88C7-76706B25957E}.Release|x86.Build.0 = Release|Any CPU
		{CA17C0C7-37A1-4479-85E5-BF91D2ABED8C}.Debug|Any CPU.ActiveCfg = Debug|Any CPU
		{CA17C0C7-37A1-4479-85E5-BF91D2ABED8C}.Debug|Any CPU.Build.0 = Debug|Any CPU
		{CA17C0C7-37A1-4479-85E5-BF91D2ABED8C}.Debug|x64.ActiveCfg = Debug|Any CPU
		{CA17C0C7-37A1-4479-85E5-BF91D2ABED8C}.Debug|x64.Build.0 = Debug|Any CPU
		{CA17C0C7-37A1-4479-85E5-BF91D2ABED8C}.Debug|x86.ActiveCfg = Debug|Any CPU
		{CA17C0C7-37A1-4479-85E5-BF91D2ABED8C}.Debug|x86.Build.0 = Debug|Any CPU
		{CA17C0C7-37A1-4479-85E5-BF91D2ABED8C}.Release|Any CPU.ActiveCfg = Release|Any CPU
		{CA17C0C7-37A1-4479-85E5-BF91D2ABED8C}.Release|Any CPU.Build.0 = Release|Any CPU
		{CA17C0C7-37A1-4479-85E5-BF91D2ABED8C}.Release|x64.ActiveCfg = Release|Any CPU
		{CA17C0C7-37A1-4479-85E5-BF91D2ABED8C}.Release|x64.Build.0 = Release|Any CPU
		{CA17C0C7-37A1-4479-85E5-BF91D2ABED8C}.Release|x86.ActiveCfg = Release|Any CPU
		{CA17C0C7-37A1-4479-85E5-BF91D2ABED8C}.Release|x86.Build.0 = Release|Any CPU
		{87C90D17-C696-4987-B834-EBB348B25974}.Debug|Any CPU.ActiveCfg = Debug|Any CPU
		{87C90D17-C696-4987-B834-EBB348B25974}.Debug|Any CPU.Build.0 = Debug|Any CPU
		{87C90D17-C696-4987-B834-EBB348B25974}.Debug|x64.ActiveCfg = Debug|Any CPU
		{87C90D17-C696-4987-B834-EBB348B25974}.Debug|x64.Build.0 = Debug|Any CPU
		{87C90D17-C696-4987-B834-EBB348B25974}.Debug|x86.ActiveCfg = Debug|Any CPU
		{87C90D17-C696-4987-B834-EBB348B25974}.Debug|x86.Build.0 = Debug|Any CPU
		{87C90D17-C696-4987-B834-EBB348B25974}.Release|Any CPU.ActiveCfg = Release|Any CPU
		{87C90D17-C696-4987-B834-EBB348B25974}.Release|Any CPU.Build.0 = Release|Any CPU
		{87C90D17-C696-4987-B834-EBB348B25974}.Release|x64.ActiveCfg = Release|Any CPU
		{87C90D17-C696-4987-B834-EBB348B25974}.Release|x64.Build.0 = Release|Any CPU
		{87C90D17-C696-4987-B834-EBB348B25974}.Release|x86.ActiveCfg = Release|Any CPU
		{87C90D17-C696-4987-B834-EBB348B25974}.Release|x86.Build.0 = Release|Any CPU
		{03E72CA1-620F-4428-BF8D-00A2A7409FD0}.Debug|Any CPU.ActiveCfg = Debug|Any CPU
		{03E72CA1-620F-4428-BF8D-00A2A7409FD0}.Debug|Any CPU.Build.0 = Debug|Any CPU
		{03E72CA1-620F-4428-BF8D-00A2A7409FD0}.Debug|x64.ActiveCfg = Debug|Any CPU
		{03E72CA1-620F-4428-BF8D-00A2A7409FD0}.Debug|x64.Build.0 = Debug|Any CPU
		{03E72CA1-620F-4428-BF8D-00A2A7409FD0}.Debug|x86.ActiveCfg = Debug|Any CPU
		{03E72CA1-620F-4428-BF8D-00A2A7409FD0}.Debug|x86.Build.0 = Debug|Any CPU
		{03E72CA1-620F-4428-BF8D-00A2A7409FD0}.Release|Any CPU.ActiveCfg = Release|Any CPU
		{03E72CA1-620F-4428-BF8D-00A2A7409FD0}.Release|Any CPU.Build.0 = Release|Any CPU
		{03E72CA1-620F-4428-BF8D-00A2A7409FD0}.Release|x64.ActiveCfg = Release|Any CPU
		{03E72CA1-620F-4428-BF8D-00A2A7409FD0}.Release|x64.Build.0 = Release|Any CPU
		{03E72CA1-620F-4428-BF8D-00A2A7409FD0}.Release|x86.ActiveCfg = Release|Any CPU
		{03E72CA1-620F-4428-BF8D-00A2A7409FD0}.Release|x86.Build.0 = Release|Any CPU
		{11CDE975-235A-460C-BFBD-95D31804B770}.Debug|Any CPU.ActiveCfg = Debug|Any CPU
		{11CDE975-235A-460C-BFBD-95D31804B770}.Debug|Any CPU.Build.0 = Debug|Any CPU
		{11CDE975-235A-460C-BFBD-95D31804B770}.Debug|x64.ActiveCfg = Debug|Any CPU
		{11CDE975-235A-460C-BFBD-95D31804B770}.Debug|x64.Build.0 = Debug|Any CPU
		{11CDE975-235A-460C-BFBD-95D31804B770}.Debug|x86.ActiveCfg = Debug|Any CPU
		{11CDE975-235A-460C-BFBD-95D31804B770}.Debug|x86.Build.0 = Debug|Any CPU
		{11CDE975-235A-460C-BFBD-95D31804B770}.Release|Any CPU.ActiveCfg = Release|Any CPU
		{11CDE975-235A-460C-BFBD-95D31804B770}.Release|Any CPU.Build.0 = Release|Any CPU
		{11CDE975-235A-460C-BFBD-95D31804B770}.Release|x64.ActiveCfg = Release|Any CPU
		{11CDE975-235A-460C-BFBD-95D31804B770}.Release|x64.Build.0 = Release|Any CPU
		{11CDE975-235A-460C-BFBD-95D31804B770}.Release|x86.ActiveCfg = Release|Any CPU
		{11CDE975-235A-460C-BFBD-95D31804B770}.Release|x86.Build.0 = Release|Any CPU
		{5985B5D9-2F17-4357-A969-3C79B05FED6D}.Debug|Any CPU.ActiveCfg = Debug|Any CPU
		{5985B5D9-2F17-4357-A969-3C79B05FED6D}.Debug|Any CPU.Build.0 = Debug|Any CPU
		{5985B5D9-2F17-4357-A969-3C79B05FED6D}.Debug|x64.ActiveCfg = Debug|Any CPU
		{5985B5D9-2F17-4357-A969-3C79B05FED6D}.Debug|x64.Build.0 = Debug|Any CPU
		{5985B5D9-2F17-4357-A969-3C79B05FED6D}.Debug|x86.ActiveCfg = Debug|Any CPU
		{5985B5D9-2F17-4357-A969-3C79B05FED6D}.Debug|x86.Build.0 = Debug|Any CPU
		{5985B5D9-2F17-4357-A969-3C79B05FED6D}.Release|Any CPU.ActiveCfg = Release|Any CPU
		{5985B5D9-2F17-4357-A969-3C79B05FED6D}.Release|Any CPU.Build.0 = Release|Any CPU
		{5985B5D9-2F17-4357-A969-3C79B05FED6D}.Release|x64.ActiveCfg = Release|Any CPU
		{5985B5D9-2F17-4357-A969-3C79B05FED6D}.Release|x64.Build.0 = Release|Any CPU
		{5985B5D9-2F17-4357-A969-3C79B05FED6D}.Release|x86.ActiveCfg = Release|Any CPU
		{5985B5D9-2F17-4357-A969-3C79B05FED6D}.Release|x86.Build.0 = Release|Any CPU
		{66FC0EC2-D888-492C-B9CB-48CBF92ACA81}.Debug|Any CPU.ActiveCfg = Debug|Any CPU
		{66FC0EC2-D888-492C-B9CB-48CBF92ACA81}.Debug|Any CPU.Build.0 = Debug|Any CPU
		{66FC0EC2-D888-492C-B9CB-48CBF92ACA81}.Debug|x64.ActiveCfg = Debug|Any CPU
		{66FC0EC2-D888-492C-B9CB-48CBF92ACA81}.Debug|x64.Build.0 = Debug|Any CPU
		{66FC0EC2-D888-492C-B9CB-48CBF92ACA81}.Debug|x86.ActiveCfg = Debug|Any CPU
		{66FC0EC2-D888-492C-B9CB-48CBF92ACA81}.Debug|x86.Build.0 = Debug|Any CPU
		{66FC0EC2-D888-492C-B9CB-48CBF92ACA81}.Release|Any CPU.ActiveCfg = Release|Any CPU
		{66FC0EC2-D888-492C-B9CB-48CBF92ACA81}.Release|Any CPU.Build.0 = Release|Any CPU
		{66FC0EC2-D888-492C-B9CB-48CBF92ACA81}.Release|x64.ActiveCfg = Release|Any CPU
		{66FC0EC2-D888-492C-B9CB-48CBF92ACA81}.Release|x64.Build.0 = Release|Any CPU
		{66FC0EC2-D888-492C-B9CB-48CBF92ACA81}.Release|x86.ActiveCfg = Release|Any CPU
		{66FC0EC2-D888-492C-B9CB-48CBF92ACA81}.Release|x86.Build.0 = Release|Any CPU
		{6B982122-70E2-43A2-B030-BF2B228DA958}.Debug|Any CPU.ActiveCfg = Debug|Any CPU
		{6B982122-70E2-43A2-B030-BF2B228DA958}.Debug|Any CPU.Build.0 = Debug|Any CPU
		{6B982122-70E2-43A2-B030-BF2B228DA958}.Debug|x64.ActiveCfg = Debug|Any CPU
		{6B982122-70E2-43A2-B030-BF2B228DA958}.Debug|x64.Build.0 = Debug|Any CPU
		{6B982122-70E2-43A2-B030-BF2B228DA958}.Debug|x86.ActiveCfg = Debug|Any CPU
		{6B982122-70E2-43A2-B030-BF2B228DA958}.Debug|x86.Build.0 = Debug|Any CPU
		{6B982122-70E2-43A2-B030-BF2B228DA958}.Release|Any CPU.ActiveCfg = Release|Any CPU
		{6B982122-70E2-43A2-B030-BF2B228DA958}.Release|Any CPU.Build.0 = Release|Any CPU
		{6B982122-70E2-43A2-B030-BF2B228DA958}.Release|x64.ActiveCfg = Release|Any CPU
		{6B982122-70E2-43A2-B030-BF2B228DA958}.Release|x64.Build.0 = Release|Any CPU
		{6B982122-70E2-43A2-B030-BF2B228DA958}.Release|x86.ActiveCfg = Release|Any CPU
		{6B982122-70E2-43A2-B030-BF2B228DA958}.Release|x86.Build.0 = Release|Any CPU
		{46ABFC88-C3A5-4060-AF70-C14522253928}.Debug|Any CPU.ActiveCfg = Debug|Any CPU
		{46ABFC88-C3A5-4060-AF70-C14522253928}.Debug|Any CPU.Build.0 = Debug|Any CPU
		{46ABFC88-C3A5-4060-AF70-C14522253928}.Debug|x64.ActiveCfg = Debug|Any CPU
		{46ABFC88-C3A5-4060-AF70-C14522253928}.Debug|x64.Build.0 = Debug|Any CPU
		{46ABFC88-C3A5-4060-AF70-C14522253928}.Debug|x86.ActiveCfg = Debug|Any CPU
		{46ABFC88-C3A5-4060-AF70-C14522253928}.Debug|x86.Build.0 = Debug|Any CPU
		{46ABFC88-C3A5-4060-AF70-C14522253928}.Release|Any CPU.ActiveCfg = Release|Any CPU
		{46ABFC88-C3A5-4060-AF70-C14522253928}.Release|Any CPU.Build.0 = Release|Any CPU
		{46ABFC88-C3A5-4060-AF70-C14522253928}.Release|x64.ActiveCfg = Release|Any CPU
		{46ABFC88-C3A5-4060-AF70-C14522253928}.Release|x64.Build.0 = Release|Any CPU
		{46ABFC88-C3A5-4060-AF70-C14522253928}.Release|x86.ActiveCfg = Release|Any CPU
		{46ABFC88-C3A5-4060-AF70-C14522253928}.Release|x86.Build.0 = Release|Any CPU
		{F69E022B-C75D-4313-8892-2675D35994C9}.Debug|Any CPU.ActiveCfg = Debug|Any CPU
		{F69E022B-C75D-4313-8892-2675D35994C9}.Debug|Any CPU.Build.0 = Debug|Any CPU
		{F69E022B-C75D-4313-8892-2675D35994C9}.Debug|x64.ActiveCfg = Debug|Any CPU
		{F69E022B-C75D-4313-8892-2675D35994C9}.Debug|x64.Build.0 = Debug|Any CPU
		{F69E022B-C75D-4313-8892-2675D35994C9}.Debug|x86.ActiveCfg = Debug|Any CPU
		{F69E022B-C75D-4313-8892-2675D35994C9}.Debug|x86.Build.0 = Debug|Any CPU
		{F69E022B-C75D-4313-8892-2675D35994C9}.Release|Any CPU.ActiveCfg = Release|Any CPU
		{F69E022B-C75D-4313-8892-2675D35994C9}.Release|Any CPU.Build.0 = Release|Any CPU
		{F69E022B-C75D-4313-8892-2675D35994C9}.Release|x64.ActiveCfg = Release|Any CPU
		{F69E022B-C75D-4313-8892-2675D35994C9}.Release|x64.Build.0 = Release|Any CPU
		{F69E022B-C75D-4313-8892-2675D35994C9}.Release|x86.ActiveCfg = Release|Any CPU
		{F69E022B-C75D-4313-8892-2675D35994C9}.Release|x86.Build.0 = Release|Any CPU
	EndGlobalSection
	GlobalSection(SolutionProperties) = preSolution
		HideSolutionNode = FALSE
	EndGlobalSection
	GlobalSection(NestedProjects) = preSolution
		{A40C46A0-5EE4-447B-B18C-8A12E2F5368A} = {827E0CD3-B72D-47B6-A68D-7590B98EB39B}
		{5DD3E66B-08C6-452D-8BA7-F9A54A67E87B} = {827E0CD3-B72D-47B6-A68D-7590B98EB39B}
		{EF83C414-C0B7-44E6-88C7-76706B25957E} = {827E0CD3-B72D-47B6-A68D-7590B98EB39B}
		{CA17C0C7-37A1-4479-85E5-BF91D2ABED8C} = {827E0CD3-B72D-47B6-A68D-7590B98EB39B}
		{87C90D17-C696-4987-B834-EBB348B25974} = {827E0CD3-B72D-47B6-A68D-7590B98EB39B}
		{03E72CA1-620F-4428-BF8D-00A2A7409FD0} = {827E0CD3-B72D-47B6-A68D-7590B98EB39B}
		{11CDE975-235A-460C-BFBD-95D31804B770} = {827E0CD3-B72D-47B6-A68D-7590B98EB39B}
		{5985B5D9-2F17-4357-A969-3C79B05FED6D} = {827E0CD3-B72D-47B6-A68D-7590B98EB39B}
		{66FC0EC2-D888-492C-B9CB-48CBF92ACA81} = {827E0CD3-B72D-47B6-A68D-7590B98EB39B}
		{6B982122-70E2-43A2-B030-BF2B228DA958} = {827E0CD3-B72D-47B6-A68D-7590B98EB39B}
		{7339F017-344F-11B9-71D0-A8183AFE8A57} = {5D20AA90-6969-D8BD-9DCD-8634F4692FDA}
		{46ABFC88-C3A5-4060-AF70-C14522253928} = {7339F017-344F-11B9-71D0-A8183AFE8A57}
		{7C49DFE3-A036-209E-C43E-5F6BD72E4272} = {5D20AA90-6969-D8BD-9DCD-8634F4692FDA}
		{F69E022B-C75D-4313-8892-2675D35994C9} = {7C49DFE3-A036-209E-C43E-5F6BD72E4272}
	EndGlobalSection
EndGlobal
